
Microsoft Visual Studio Solution File, Format Version 12.00
# Visual Studio Version 17
VisualStudioVersion = 17.6.33829.357
MinimumVisualStudioVersion = 10.0.40219.1
Project("{FAE04EC0-301F-11D3-BF4B-00C04F79EFBC}") = "AspMvcSample", "AspMvcSample\AspMvcSample.csproj", "{DF41B18C-B848-49A6-862E-BAB9139906F0}"
EndProject
Global
	GlobalSection(SolutionConfigurationPlatforms) = preSolution
		Debug|Any CPU = Debug|Any CPU
		Release|Any CPU = Release|Any CPU
	EndGlobalSection
	GlobalSection(ProjectConfigurationPlatforms) = postSolution
		{DF41B18C-B848-49A6-862E-BAB9139906F0}.Debug|Any CPU.ActiveCfg = Debug|Any CPU
		{DF41B18C-B848-49A6-862E-BAB9139906F0}.Debug|Any CPU.Build.0 = Debug|Any CPU
		{DF41B18C-B848-49A6-862E-BAB9139906F0}.Release|Any CPU.ActiveCfg = Release|Any CPU
		{DF41B18C-B848-49A6-862E-BAB9139906F0}.Release|Any CPU.Build.0 = Release|Any CPU
	EndGlobalSection
	GlobalSection(SolutionProperties) = preSolution
		HideSolutionNode = FALSE
	EndGlobalSection
	GlobalSection(ExtensibilityGlobals) = postSolution
		SolutionGuid = {FAA35B51-4215-4B3F-9470-6AB3A32F27B6}
	EndGlobalSection
EndGlobal
